
Microsoft Visual Studio Solution File, Format Version 12.00
# Visual Studio Version 17
VisualStudioVersion = 17.9.34728.123
MinimumVisualStudioVersion = 10.0.40219.1
Project("{FAE04EC0-301F-11D3-BF4B-00C04F79EFBC}") = "bandejao-cefet-api", "bandejao-cefet-api\bandejao-cefet-api.csproj", "{723090DB-9F3D-4F05-A89C-73319AAC074F}"
EndProject
Global
	GlobalSection(SolutionConfigurationPlatforms) = preSolution
		Debug|Any CPU = Debug|Any CPU
		Release|Any CPU = Release|Any CPU
	EndGlobalSection
	GlobalSection(ProjectConfigurationPlatforms) = postSolution
		{723090DB-9F3D-4F05-A89C-73319AAC074F}.Debug|Any CPU.ActiveCfg = Debug|Any CPU
		{723090DB-9F3D-4F05-A89C-73319AAC074F}.Debug|Any CPU.Build.0 = Debug|Any CPU
		{723090DB-9F3D-4F05-A89C-73319AAC074F}.Release|Any CPU.ActiveCfg = Release|Any CPU
		{723090DB-9F3D-4F05-A89C-73319AAC074F}.Release|Any CPU.Build.0 = Release|Any CPU
	EndGlobalSection
	GlobalSection(SolutionProperties) = preSolution
		HideSolutionNode = FALSE
	EndGlobalSection
	GlobalSection(ExtensibilityGlobals) = postSolution
		SolutionGuid = {F62A88D3-17E2-4BBB-A06F-593CD61DC9A5}
	EndGlobalSection
EndGlobal
